
Microsoft Visual Studio Solution File, Format Version 12.00
# Visual Studio Version 17
VisualStudioVersion = 17.6.33815.320
MinimumVisualStudioVersion = 10.0.40219.1
Project("{9A19103F-16F7-4668-BE54-9A1E7A4F7556}") = "zad1", "WpfApp1\zad1.csproj", "{DEE389C1-52DD-4601-9038-4DB0CEE1F550}"
EndProject
Global
	GlobalSection(SolutionConfigurationPlatforms) = preSolution
		Debug|Any CPU = Debug|Any CPU
		Release|Any CPU = Release|Any CPU
	EndGlobalSection
	GlobalSection(ProjectConfigurationPlatforms) = postSolution
		{DEE389C1-52DD-4601-9038-4DB0CEE1F550}.Debug|Any CPU.ActiveCfg = Debug|Any CPU
		{DEE389C1-52DD-4601-9038-4DB0CEE1F550}.Debug|Any CPU.Build.0 = Debug|Any CPU
		{DEE389C1-52DD-4601-9038-4DB0CEE1F550}.Release|Any CPU.ActiveCfg = Release|Any CPU
		{DEE389C1-52DD-4601-9038-4DB0CEE1F550}.Release|Any CPU.Build.0 = Release|Any CPU
	EndGlobalSection
	GlobalSection(SolutionProperties) = preSolution
		HideSolutionNode = FALSE
	EndGlobalSection
	GlobalSection(ExtensibilityGlobals) = postSolution
		SolutionGuid = {40C7DE9C-CFEA-48AB-88F1-279B4D09A842}
	EndGlobalSection
EndGlobal
